
Microsoft Visual Studio Solution File, Format Version 12.00
Project("{FAE04EC0-301F-11D3-BF4B-00C04F79EFBC}") = "Apbd5", "Apbd5\Apbd5.csproj", "{BBC1745B-A0BB-4147-A3F8-1A300A08004F}"
EndProject
Global
	GlobalSection(SolutionConfigurationPlatforms) = preSolution
		Debug|Any CPU = Debug|Any CPU
		Release|Any CPU = Release|Any CPU
	EndGlobalSection
	GlobalSection(ProjectConfigurationPlatforms) = postSolution
		{BBC1745B-A0BB-4147-A3F8-1A300A08004F}.Debug|Any CPU.ActiveCfg = Debug|Any CPU
		{BBC1745B-A0BB-4147-A3F8-1A300A08004F}.Debug|Any CPU.Build.0 = Debug|Any CPU
		{BBC1745B-A0BB-4147-A3F8-1A300A08004F}.Release|Any CPU.ActiveCfg = Release|Any CPU
		{BBC1745B-A0BB-4147-A3F8-1A300A08004F}.Release|Any CPU.Build.0 = Release|Any CPU
	EndGlobalSection
EndGlobal
